
Microsoft Visual Studio Solution File, Format Version 12.00
# Visual Studio 15
VisualStudioVersion = 15.0.28307.645
MinimumVisualStudioVersion = 10.0.40219.1
Project("{FAE04EC0-301F-11D3-BF4B-00C04F79EFBC}") = "TravelRecordApp.Android", "TravelRecordApp\TravelRecordApp.Android\TravelRecordApp.Android.csproj", "{3537F079-E911-4DB7-92DF-B0F04F327E17}"
EndProject
Project("{FAE04EC0-301F-11D3-BF4B-00C04F79EFBC}") = "TravelRecordApp.iOS", "TravelRecordApp\TravelRecordApp.iOS\TravelRecordApp.iOS.csproj", "{11BDA676-DF90-4A68-B4F7-744425F97A41}"
EndProject
Project("{FAE04EC0-301F-11D3-BF4B-00C04F79EFBC}") = "TravelRecordApp.UWP", "TravelRecordApp\TravelRecordApp.UWP\TravelRecordApp.UWP.csproj", "{A3EF2540-5A6F-48E6-A8F6-5B453362DB25}"
EndProject
Project("{FAE04EC0-301F-11D3-BF4B-00C04F79EFBC}") = "TravelRecordApp", "TravelRecordApp\TravelRecordApp\TravelRecordApp.csproj", "{6484327E-96CB-47D0-81E9-35FA91AC1672}"
EndProject
Global
	GlobalSection(SolutionConfigurationPlatforms) = preSolution
		Ad-Hoc|Any CPU = Ad-Hoc|Any CPU
		Ad-Hoc|ARM = Ad-Hoc|ARM
		Ad-Hoc|iPhone = Ad-Hoc|iPhone
		Ad-Hoc|iPhoneSimulator = Ad-Hoc|iPhoneSimulator
		Ad-Hoc|x64 = Ad-Hoc|x64
		Ad-Hoc|x86 = Ad-Hoc|x86
		AppStore|Any CPU = AppStore|Any CPU
		AppStore|ARM = AppStore|ARM
		AppStore|iPhone = AppStore|iPhone
		AppStore|iPhoneSimulator = AppStore|iPhoneSimulator
		AppStore|x64 = AppStore|x64
		AppStore|x86 = AppStore|x86
		Debug|Any CPU = Debug|Any CPU
		Debug|ARM = Debug|ARM
		Debug|iPhone = Debug|iPhone
		Debug|iPhoneSimulator = Debug|iPhoneSimulator
		Debug|x64 = Debug|x64
		Debug|x86 = Debug|x86
		Release|Any CPU = Release|Any CPU
		Release|ARM = Release|ARM
		Release|iPhone = Release|iPhone
		Release|iPhoneSimulator = Release|iPhoneSimulator
		Release|x64 = Release|x64
		Release|x86 = Release|x86
	EndGlobalSection
	GlobalSection(ProjectConfigurationPlatforms) = postSolution
		{3537F079-E911-4DB7-92DF-B0F04F327E17}.Ad-Hoc|Any CPU.ActiveCfg = Release|Any CPU
		{3537F079-E911-4DB7-92DF-B0F04F327E17}.Ad-Hoc|Any CPU.Build.0 = Release|Any CPU
		{3537F079-E911-4DB7-92DF-B0F04F327E17}.Ad-Hoc|Any CPU.Deploy.0 = Release|Any CPU
		{3537F079-E911-4DB7-92DF-B0F04F327E17}.Ad-Hoc|ARM.ActiveCfg = Release|Any CPU
		{3537F079-E911-4DB7-92DF-B0F04F327E17}.Ad-Hoc|ARM.Build.0 = Release|Any CPU
		{3537F079-E911-4DB7-92DF-B0F04F327E17}.Ad-Hoc|ARM.Deploy.0 = Release|Any CPU
		{3537F079-E911-4DB7-92DF-B0F04F327E17}.Ad-Hoc|iPhone.ActiveCfg = Release|Any CPU
		{3537F079-E911-4DB7-92DF-B0F04F327E17}.Ad-Hoc|iPhone.Build.0 = Release|Any CPU
		{3537F079-E911-4DB7-92DF-B0F04F327E17}.Ad-Hoc|iPhone.Deploy.0 = Release|Any CPU
		{3537F079-E911-4DB7-92DF-B0F04F327E17}.Ad-Hoc|iPhoneSimulator.ActiveCfg = Release|Any CPU
		{3537F079-E911-4DB7-92DF-B0F04F327E17}.Ad-Hoc|iPhoneSimulator.Build.0 = Release|Any CPU
		{3537F079-E911-4DB7-92DF-B0F04F327E17}.Ad-Hoc|iPhoneSimulator.Deploy.0 = Release|Any CPU
		{3537F079-E911-4DB7-92DF-B0F04F327E17}.Ad-Hoc|x64.ActiveCfg = Release|Any CPU
		{3537F079-E911-4DB7-92DF-B0F04F327E17}.Ad-Hoc|x64.Build.0 = Release|Any CPU
		{3537F079-E911-4DB7-92DF-B0F04F327E17}.Ad-Hoc|x64.Deploy.0 = Release|Any CPU
		{3537F079-E911-4DB7-92DF-B0F04F327E17}.Ad-Hoc|x86.ActiveCfg = Release|Any CPU
		{3537F079-E911-4DB7-92DF-B0F04F327E17}.Ad-Hoc|x86.Build.0 = Release|Any CPU
		{3537F079-E911-4DB7-92DF-B0F04F327E17}.Ad-Hoc|x86.Deploy.0 = Release|Any CPU
		{3537F079-E911-4DB7-92DF-B0F04F327E17}.AppStore|Any CPU.ActiveCfg = Release|Any CPU
		{3537F079-E911-4DB7-92DF-B0F04F327E17}.AppStore|Any CPU.Build.0 = Release|Any CPU
		{3537F079-E911-4DB7-92DF-B0F04F327E17}.AppStore|Any CPU.Deploy.0 = Release|Any CPU
		{3537F079-E911-4DB7-92DF-B0F04F327E17}.AppStore|ARM.ActiveCfg = Release|Any CPU
		{3537F079-E911-4DB7-92DF-B0F04F327E17}.AppStore|ARM.Build.0 = Release|Any CPU
		{3537F079-E911-4DB7-92DF-B0F04F327E17}.AppStore|ARM.Deploy.0 = Release|Any CPU
		{3537F079-E911-4DB7-92DF-B0F04F327E17}.AppStore|iPhone.ActiveCfg = Release|Any CPU
		{3537F079-E911-4DB7-92DF-B0F04F327E17}.AppStore|iPhone.Build.0 = Release|Any CPU
		{3537F079-E911-4DB7-92DF-B0F04F327E17}.AppStore|iPhone.Deploy.0 = Release|Any CPU
		{3537F079-E911-4DB7-92DF-B0F04F327E17}.AppStore|iPhoneSimulator.ActiveCfg = Release|Any CPU
		{3537F079-E911-4DB7-92DF-B0F04F327E17}.AppStore|iPhoneSimulator.Build.0 = Release|Any CPU
		{3537F079-E911-4DB7-92DF-B0F04F327E17}.AppStore|iPhoneSimulator.Deploy.0 = Release|Any CPU
		{3537F079-E911-4DB7-92DF-B0F04F327E17}.AppStore|x64.ActiveCfg = Release|Any CPU
		{3537F079-E911-4DB7-92DF-B0F04F327E17}.AppStore|x64.Build.0 = Release|Any CPU
		{3537F079-E911-4DB7-92DF-B0F04F327E17}.AppStore|x64.Deploy.0 = Release|Any CPU
		{3537F079-E911-4DB7-92DF-B0F04F327E17}.AppStore|x86.ActiveCfg = Release|Any CPU
		{3537F079-E911-4DB7-92DF-B0F04F327E17}.AppStore|x86.Build.0 = Release|Any CPU
		{3537F079-E911-4DB7-92DF-B0F04F327E17}.AppStore|x86.Deploy.0 = Release|Any CPU
		{3537F079-E911-4DB7-92DF-B0F04F327E17}.Debug|Any CPU.ActiveCfg = Debug|Any CPU
		{3537F079-E911-4DB7-92DF-B0F04F327E17}.Debug|Any CPU.Build.0 = Debug|Any CPU
		{3537F079-E911-4DB7-92DF-B0F04F327E17}.Debug|Any CPU.Deploy.0 = Debug|Any CPU
		{3537F079-E911-4DB7-92DF-B0F04F327E17}.Debug|ARM.ActiveCfg = Debug|Any CPU
		{3537F079-E911-4DB7-92DF-B0F04F327E17}.Debug|ARM.Build.0 = Debug|Any CPU
		{3537F079-E911-4DB7-92DF-B0F04F327E17}.Debug|ARM.Deploy.0 = Debug|Any CPU
		{3537F079-E911-4DB7-92DF-B0F04F327E17}.Debug|iPhone.ActiveCfg = Debug|Any CPU
		{3537F079-E911-4DB7-92DF-B0F04F327E17}.Debug|iPhone.Build.0 = Debug|Any CPU
		{3537F079-E911-4DB7-92DF-B0F04F327E17}.Debug|iPhone.Deploy.0 = Debug|Any CPU
		{3537F079-E911-4DB7-92DF-B0F04F327E17}.Debug|iPhoneSimulator.ActiveCfg = Debug|Any CPU
		{3537F079-E911-4DB7-92DF-B0F04F327E17}.Debug|iPhoneSimulator.Build.0 = Debug|Any CPU
		{3537F079-E911-4DB7-92DF-B0F04F327E17}.Debug|iPhoneSimulator.Deploy.0 = Debug|Any CPU
		{3537F079-E911-4DB7-92DF-B0F04F327E17}.Debug|x64.ActiveCfg = Debug|Any CPU
		{3537F079-E911-4DB7-92DF-B0F04F327E17}.Debug|x64.Build.0 = Debug|Any CPU
		{3537F079-E911-4DB7-92DF-B0F04F327E17}.Debug|x64.Deploy.0 = Debug|Any CPU
		{3537F079-E911-4DB7-92DF-B0F04F327E17}.Debug|x86.ActiveCfg = Debug|Any CPU
		{3537F079-E911-4DB7-92DF-B0F04F327E17}.Debug|x86.Build.0 = Debug|Any CPU
		{3537F079-E911-4DB7-92DF-B0F04F327E17}.Debug|x86.Deploy.0 = Debug|Any CPU
		{3537F079-E911-4DB7-92DF-B0F04F327E17}.Release|Any CPU.ActiveCfg = Release|Any CPU
		{3537F079-E911-4DB7-92DF-B0F04F327E17}.Release|Any CPU.Build.0 = Release|Any CPU
		{3537F079-E911-4DB7-92DF-B0F04F327E17}.Release|Any CPU.Deploy.0 = Release|Any CPU
		{3537F079-E911-4DB7-92DF-B0F04F327E17}.Release|ARM.ActiveCfg = Release|Any CPU
		{3537F079-E911-4DB7-92DF-B0F04F327E17}.Release|ARM.Build.0 = Release|Any CPU
		{3537F079-E911-4DB7-92DF-B0F04F327E17}.Release|ARM.Deploy.0 = Release|Any CPU
		{3537F079-E911-4DB7-92DF-B0F04F327E17}.Release|iPhone.ActiveCfg = Release|Any CPU
		{3537F079-E911-4DB7-92DF-B0F04F327E17}.Release|iPhone.Build.0 = Release|Any CPU
		{3537F079-E911-4DB7-92DF-B0F04F327E17}.Release|iPhone.Deploy.0 = Release|Any CPU
		{3537F079-E911-4DB7-92DF-B0F04F327E17}.Release|iPhoneSimulator.ActiveCfg = Release|Any CPU
		{3537F079-E911-4DB7-92DF-B0F04F327E17}.Release|iPhoneSimulator.Build.0 = Release|Any CPU
		{3537F079-E911-4DB7-92DF-B0F04F327E17}.Release|iPhoneSimulator.Deploy.0 = Release|Any CPU
		{3537F079-E911-4DB7-92DF-B0F04F327E17}.Release|x64.ActiveCfg = Release|Any CPU
		{3537F079-E911-4DB7-92DF-B0F04F327E17}.Release|x64.Build.0 = Release|Any CPU
		{3537F079-E911-4DB7-92DF-B0F04F327E17}.Release|x64.Deploy.0 = Release|Any CPU
		{3537F079-E911-4DB7-92DF-B0F04F327E17}.Release|x86.ActiveCfg = Release|Any CPU
		{3537F079-E911-4DB7-92DF-B0F04F327E17}.Release|x86.Build.0 = Release|Any CPU
		{3537F079-E911-4DB7-92DF-B0F04F327E17}.Release|x86.Deploy.0 = Release|Any CPU
		{11BDA676-DF90-4A68-B4F7-744425F97A41}.Ad-Hoc|Any CPU.ActiveCfg = Ad-Hoc|iPhone
		{11BDA676-DF90-4A68-B4F7-744425F97A41}.Ad-Hoc|Any CPU.Build.0 = Ad-Hoc|iPhone
		{11BDA676-DF90-4A68-B4F7-744425F97A41}.Ad-Hoc|Any CPU.Deploy.0 = Ad-Hoc|iPhone
		{11BDA676-DF90-4A68-B4F7-744425F97A41}.Ad-Hoc|ARM.ActiveCfg = Ad-Hoc|iPhone
		{11BDA676-DF90-4A68-B4F7-744425F97A41}.Ad-Hoc|ARM.Build.0 = Ad-Hoc|iPhone
		{11BDA676-DF90-4A68-B4F7-744425F97A41}.Ad-Hoc|ARM.Deploy.0 = Ad-Hoc|iPhone
		{11BDA676-DF90-4A68-B4F7-744425F97A41}.Ad-Hoc|iPhone.ActiveCfg = Ad-Hoc|iPhone
		{11BDA676-DF90-4A68-B4F7-744425F97A41}.Ad-Hoc|iPhone.Build.0 = Ad-Hoc|iPhone
		{11BDA676-DF90-4A68-B4F7-744425F97A41}.Ad-Hoc|iPhone.Deploy.0 = Ad-Hoc|iPhone
		{11BDA676-DF90-4A68-B4F7-744425F97A41}.Ad-Hoc|iPhoneSimulator.ActiveCfg = Ad-Hoc|iPhoneSimulator
		{11BDA676-DF90-4A68-B4F7-744425F97A41}.Ad-Hoc|iPhoneSimulator.Build.0 = Ad-Hoc|iPhoneSimulator
		{11BDA676-DF90-4A68-B4F7-744425F97A41}.Ad-Hoc|iPhoneSimulator.Deploy.0 = Ad-Hoc|iPhoneSimulator
		{11BDA676-DF90-4A68-B4F7-744425F97A41}.Ad-Hoc|x64.ActiveCfg = Ad-Hoc|iPhone
		{11BDA676-DF90-4A68-B4F7-744425F97A41}.Ad-Hoc|x64.Build.0 = Ad-Hoc|iPhone
		{11BDA676-DF90-4A68-B4F7-744425F97A41}.Ad-Hoc|x64.Deploy.0 = Ad-Hoc|iPhone
		{11BDA676-DF90-4A68-B4F7-744425F97A41}.Ad-Hoc|x86.ActiveCfg = Ad-Hoc|iPhone
		{11BDA676-DF90-4A68-B4F7-744425F97A41}.Ad-Hoc|x86.Build.0 = Ad-Hoc|iPhone
		{11BDA676-DF90-4A68-B4F7-744425F97A41}.Ad-Hoc|x86.Deploy.0 = Ad-Hoc|iPhone
		{11BDA676-DF90-4A68-B4F7-744425F97A41}.AppStore|Any CPU.ActiveCfg = AppStore|iPhone
		{11BDA676-DF90-4A68-B4F7-744425F97A41}.AppStore|Any CPU.Build.0 = AppStore|iPhone
		{11BDA676-DF90-4A68-B4F7-744425F97A41}.AppStore|Any CPU.Deploy.0 = AppStore|iPhone
		{11BDA676-DF90-4A68-B4F7-744425F97A41}.AppStore|ARM.ActiveCfg = AppStore|iPhone
		{11BDA676-DF90-4A68-B4F7-744425F97A41}.AppStore|ARM.Build.0 = AppStore|iPhone
		{11BDA676-DF90-4A68-B4F7-744425F97A41}.AppStore|ARM.Deploy.0 = AppStore|iPhone
		{11BDA676-DF90-4A68-B4F7-744425F97A41}.AppStore|iPhone.ActiveCfg = AppStore|iPhone
		{11BDA676-DF90-4A68-B4F7-744425F97A41}.AppStore|iPhone.Build.0 = AppStore|iPhone
		{11BDA676-DF90-4A68-B4F7-744425F97A41}.AppStore|iPhone.Deploy.0 = AppStore|iPhone
		{11BDA676-DF90-4A68-B4F7-744425F97A41}.AppStore|iPhoneSimulator.ActiveCfg = AppStore|iPhoneSimulator
		{11BDA676-DF90-4A68-B4F7-744425F97A41}.AppStore|iPhoneSimulator.Build.0 = AppStore|iPhoneSimulator
		{11BDA676-DF90-4A68-B4F7-744425F97A41}.AppStore|iPhoneSimulator.Deploy.0 = AppStore|iPhoneSimulator
		{11BDA676-DF90-4A68-B4F7-744425F97A41}.AppStore|x64.ActiveCfg = AppStore|iPhone
		{11BDA676-DF90-4A68-B4F7-744425F97A41}.AppStore|x64.Build.0 = AppStore|iPhone
		{11BDA676-DF90-4A68-B4F7-744425F97A41}.AppStore|x64.Deploy.0 = AppStore|iPhone
		{11BDA676-DF90-4A68-B4F7-744425F97A41}.AppStore|x86.ActiveCfg = AppStore|iPhone
		{11BDA676-DF90-4A68-B4F7-744425F97A41}.AppStore|x86.Build.0 = AppStore|iPhone
		{11BDA676-DF90-4A68-B4F7-744425F97A41}.AppStore|x86.Deploy.0 = AppStore|iPhone
		{11BDA676-DF90-4A68-B4F7-744425F97A41}.Debug|Any CPU.ActiveCfg = Debug|iPhoneSimulator
		{11BDA676-DF90-4A68-B4F7-744425F97A41}.Debug|Any CPU.Build.0 = Debug|iPhoneSimulator
		{11BDA676-DF90-4A68-B4F7-744425F97A41}.Debug|Any CPU.Deploy.0 = Debug|iPhoneSimulator
		{11BDA676-DF90-4A68-B4F7-744425F97A41}.Debug|ARM.ActiveCfg = Debug|iPhone
		{11BDA676-DF90-4A68-B4F7-744425F97A41}.Debug|ARM.Build.0 = Debug|iPhone
		{11BDA676-DF90-4A68-B4F7-744425F97A41}.Debug|ARM.Deploy.0 = Debug|iPhone
		{11BDA676-DF90-4A68-B4F7-744425F97A41}.Debug|iPhone.ActiveCfg = Debug|iPhone
		{11BDA676-DF90-4A68-B4F7-744425F97A41}.Debug|iPhone.Build.0 = Debug|iPhone
		{11BDA676-DF90-4A68-B4F7-744425F97A41}.Debug|iPhone.Deploy.0 = Debug|iPhone
		{11BDA676-DF90-4A68-B4F7-744425F97A41}.Debug|iPhoneSimulator.ActiveCfg = Debug|iPhoneSimulator
		{11BDA676-DF90-4A68-B4F7-744425F97A41}.Debug|iPhoneSimulator.Build.0 = Debug|iPhoneSimulator
		{11BDA676-DF90-4A68-B4F7-744425F97A41}.Debug|iPhoneSimulator.Deploy.0 = Debug|iPhoneSimulator
		{11BDA676-DF90-4A68-B4F7-744425F97A41}.Debug|x64.ActiveCfg = Debug|iPhone
		{11BDA676-DF90-4A68-B4F7-744425F97A41}.Debug|x64.Build.0 = Debug|iPhone
		{11BDA676-DF90-4A68-B4F7-744425F97A41}.Debug|x64.Deploy.0 = Debug|iPhone
		{11BDA676-DF90-4A68-B4F7-744425F97A41}.Debug|x86.ActiveCfg = Debug|iPhone
		{11BDA676-DF90-4A68-B4F7-744425F97A41}.Debug|x86.Build.0 = Debug|iPhone
		{11BDA676-DF90-4A68-B4F7-744425F97A41}.Debug|x86.Deploy.0 = Debug|iPhone
		{11BDA676-DF90-4A68-B4F7-744425F97A41}.Release|Any CPU.ActiveCfg = Release|iPhone
		{11BDA676-DF90-4A68-B4F7-744425F97A41}.Release|Any CPU.Build.0 = Release|iPhone
		{11BDA676-DF90-4A68-B4F7-744425F97A41}.Release|Any CPU.Deploy.0 = Release|iPhone
		{11BDA676-DF90-4A68-B4F7-744425F97A41}.Release|ARM.ActiveCfg = Release|iPhone
		{11BDA676-DF90-4A68-B4F7-744425F97A41}.Release|ARM.Build.0 = Release|iPhone
		{11BDA676-DF90-4A68-B4F7-744425F97A41}.Release|ARM.Deploy.0 = Release|iPhone
		{11BDA676-DF90-4A68-B4F7-744425F97A41}.Release|iPhone.ActiveCfg = Release|iPhone
		{11BDA676-DF90-4A68-B4F7-744425F97A41}.Release|iPhone.Build.0 = Release|iPhone
		{11BDA676-DF90-4A68-B4F7-744425F97A41}.Release|iPhone.Deploy.0 = Release|iPhone
		{11BDA676-DF90-4A68-B4F7-744425F97A41}.Release|iPhoneSimulator.ActiveCfg = Release|iPhoneSimulator
		{11BDA676-DF90-4A68-B4F7-744425F97A41}.Release|iPhoneSimulator.Build.0 = Release|iPhoneSimulator
		{11BDA676-DF90-4A68-B4F7-744425F97A41}.Release|iPhoneSimulator.Deploy.0 = Release|iPhoneSimulator
		{11BDA676-DF90-4A68-B4F7-744425F97A41}.Release|x64.ActiveCfg = Release|iPhone
		{11BDA676-DF90-4A68-B4F7-744425F97A41}.Release|x64.Build.0 = Release|iPhone
		{11BDA676-DF90-4A68-B4F7-744425F97A41}.Release|x64.Deploy.0 = Release|iPhone
		{11BDA676-DF90-4A68-B4F7-744425F97A41}.Release|x86.ActiveCfg = Release|iPhone
		{11BDA676-DF90-4A68-B4F7-744425F97A41}.Release|x86.Build.0 = Release|iPhone
		{11BDA676-DF90-4A68-B4F7-744425F97A41}.Release|x86.Deploy.0 = Release|iPhone
		{A3EF2540-5A6F-48E6-A8F6-5B453362DB25}.Ad-Hoc|Any CPU.ActiveCfg = Release|x86
		{A3EF2540-5A6F-48E6-A8F6-5B453362DB25}.Ad-Hoc|Any CPU.Build.0 = Release|x86
		{A3EF2540-5A6F-48E6-A8F6-5B453362DB25}.Ad-Hoc|Any CPU.Deploy.0 = Release|x86
		{A3EF2540-5A6F-48E6-A8F6-5B453362DB25}.Ad-Hoc|ARM.ActiveCfg = Release|ARM
		{A3EF2540-5A6F-48E6-A8F6-5B453362DB25}.Ad-Hoc|ARM.Build.0 = Release|ARM
		{A3EF2540-5A6F-48E6-A8F6-5B453362DB25}.Ad-Hoc|ARM.Deploy.0 = Release|ARM
		{A3EF2540-5A6F-48E6-A8F6-5B453362DB25}.Ad-Hoc|iPhone.ActiveCfg = Release|x86
		{A3EF2540-5A6F-48E6-A8F6-5B453362DB25}.Ad-Hoc|iPhone.Build.0 = Release|x86
		{A3EF2540-5A6F-48E6-A8F6-5B453362DB25}.Ad-Hoc|iPhone.Deploy.0 = Release|x86
		{A3EF2540-5A6F-48E6-A8F6-5B453362DB25}.Ad-Hoc|iPhoneSimulator.ActiveCfg = Release|x86
		{A3EF2540-5A6F-48E6-A8F6-5B453362DB25}.Ad-Hoc|iPhoneSimulator.Build.0 = Release|x86
		{A3EF2540-5A6F-48E6-A8F6-5B453362DB25}.Ad-Hoc|iPhoneSimulator.Deploy.0 = Release|x86
		{A3EF2540-5A6F-48E6-A8F6-5B453362DB25}.Ad-Hoc|x64.ActiveCfg = Release|x64
		{A3EF2540-5A6F-48E6-A8F6-5B453362DB25}.Ad-Hoc|x64.Build.0 = Release|x64
		{A3EF2540-5A6F-48E6-A8F6-5B453362DB25}.Ad-Hoc|x64.Deploy.0 = Release|x64
		{A3EF2540-5A6F-48E6-A8F6-5B453362DB25}.Ad-Hoc|x86.ActiveCfg = Release|x86
		{A3EF2540-5A6F-48E6-A8F6-5B453362DB25}.Ad-Hoc|x86.Build.0 = Release|x86
		{A3EF2540-5A6F-48E6-A8F6-5B453362DB25}.Ad-Hoc|x86.Deploy.0 = Release|x86
		{A3EF2540-5A6F-48E6-A8F6-5B453362DB25}.AppStore|Any CPU.ActiveCfg = Release|x86
		{A3EF2540-5A6F-48E6-A8F6-5B453362DB25}.AppStore|Any CPU.Build.0 = Release|x86
		{A3EF2540-5A6F-48E6-A8F6-5B453362DB25}.AppStore|Any CPU.Deploy.0 = Release|x86
		{A3EF2540-5A6F-48E6-A8F6-5B453362DB25}.AppStore|ARM.ActiveCfg = Release|ARM
		{A3EF2540-5A6F-48E6-A8F6-5B453362DB25}.AppStore|ARM.Build.0 = Release|ARM
		{A3EF2540-5A6F-48E6-A8F6-5B453362DB25}.AppStore|ARM.Deploy.0 = Release|ARM
		{A3EF2540-5A6F-48E6-A8F6-5B453362DB25}.AppStore|iPhone.ActiveCfg = Release|x86
		{A3EF2540-5A6F-48E6-A8F6-5B453362DB25}.AppStore|iPhone.Build.0 = Release|x86
		{A3EF2540-5A6F-48E6-A8F6-5B453362DB25}.AppStore|iPhone.Deploy.0 = Release|x86
		{A3EF2540-5A6F-48E6-A8F6-5B453362DB25}.AppStore|iPhoneSimulator.ActiveCfg = Release|x86
		{A3EF2540-5A6F-48E6-A8F6-5B453362DB25}.AppStore|iPhoneSimulator.Build.0 = Release|x86
		{A3EF2540-5A6F-48E6-A8F6-5B453362DB25}.AppStore|iPhoneSimulator.Deploy.0 = Release|x86
		{A3EF2540-5A6F-48E6-A8F6-5B453362DB25}.AppStore|x64.ActiveCfg = Release|x64
		{A3EF2540-5A6F-48E6-A8F6-5B453362DB25}.AppStore|x64.Build.0 = Release|x64
		{A3EF2540-5A6F-48E6-A8F6-5B453362DB25}.AppStore|x64.Deploy.0 = Release|x64
		{A3EF2540-5A6F-48E6-A8F6-5B453362DB25}.AppStore|x86.ActiveCfg = Release|x86
		{A3EF2540-5A6F-48E6-A8F6-5B453362DB25}.AppStore|x86.Build.0 = Release|x86
		{A3EF2540-5A6F-48E6-A8F6-5B453362DB25}.AppStore|x86.Deploy.0 = Release|x86
		{A3EF2540-5A6F-48E6-A8F6-5B453362DB25}.Debug|Any CPU.ActiveCfg = Debug|x86
		{A3EF2540-5A6F-48E6-A8F6-5B453362DB25}.Debug|Any CPU.Build.0 = Debug|x86
		{A3EF2540-5A6F-48E6-A8F6-5B453362DB25}.Debug|Any CPU.Deploy.0 = Debug|x86
		{A3EF2540-5A6F-48E6-A8F6-5B453362DB25}.Debug|ARM.ActiveCfg = Debug|ARM
		{A3EF2540-5A6F-48E6-A8F6-5B453362DB25}.Debug|ARM.Build.0 = Debug|ARM
		{A3EF2540-5A6F-48E6-A8F6-5B453362DB25}.Debug|ARM.Deploy.0 = Debug|ARM
		{A3EF2540-5A6F-48E6-A8F6-5B453362DB25}.Debug|iPhone.ActiveCfg = Debug|x86
		{A3EF2540-5A6F-48E6-A8F6-5B453362DB25}.Debug|iPhone.Build.0 = Debug|x86
		{A3EF2540-5A6F-48E6-A8F6-5B453362DB25}.Debug|iPhone.Deploy.0 = Debug|x86
		{A3EF2540-5A6F-48E6-A8F6-5B453362DB25}.Debug|iPhoneSimulator.ActiveCfg = Debug|x86
		{A3EF2540-5A6F-48E6-A8F6-5B453362DB25}.Debug|iPhoneSimulator.Build.0 = Debug|x86
		{A3EF2540-5A6F-48E6-A8F6-5B453362DB25}.Debug|iPhoneSimulator.Deploy.0 = Debug|x86
		{A3EF2540-5A6F-48E6-A8F6-5B453362DB25}.Debug|x64.ActiveCfg = Debug|x64
		{A3EF2540-5A6F-48E6-A8F6-5B453362DB25}.Debug|x64.Build.0 = Debug|x64
		{A3EF2540-5A6F-48E6-A8F6-5B453362DB25}.Debug|x64.Deploy.0 = Debug|x64
		{A3EF2540-5A6F-48E6-A8F6-5B453362DB25}.Debug|x86.ActiveCfg = Debug|x86
		{A3EF2540-5A6F-48E6-A8F6-5B453362DB25}.Debug|x86.Build.0 = Debug|x86
		{A3EF2540-5A6F-48E6-A8F6-5B453362DB25}.Debug|x86.Deploy.0 = Debug|x86
		{A3EF2540-5A6F-48E6-A8F6-5B453362DB25}.Release|Any CPU.ActiveCfg = Release|x86
		{A3EF2540-5A6F-48E6-A8F6-5B453362DB25}.Release|Any CPU.Build.0 = Release|x86
		{A3EF2540-5A6F-48E6-A8F6-5B453362DB25}.Release|Any CPU.Deploy.0 = Release|x86
		{A3EF2540-5A6F-48E6-A8F6-5B453362DB25}.Release|ARM.ActiveCfg = Release|ARM
		{A3EF2540-5A6F-48E6-A8F6-5B453362DB25}.Release|ARM.Build.0 = Release|ARM
		{A3EF2540-5A6F-48E6-A8F6-5B453362DB25}.Release|ARM.Deploy.0 = Release|ARM
		{A3EF2540-5A6F-48E6-A8F6-5B453362DB25}.Release|iPhone.ActiveCfg = Release|x86
		{A3EF2540-5A6F-48E6-A8F6-5B453362DB25}.Release|iPhone.Build.0 = Release|x86
		{A3EF2540-5A6F-48E6-A8F6-5B453362DB25}.Release|iPhone.Deploy.0 = Release|x86
		{A3EF2540-5A6F-48E6-A8F6-5B453362DB25}.Release|iPhoneSimulator.ActiveCfg = Release|x86
		{A3EF2540-5A6F-48E6-A8F6-5B453362DB25}.Release|iPhoneSimulator.Build.0 = Release|x86
		{A3EF2540-5A6F-48E6-A8F6-5B453362DB25}.Release|iPhoneSimulator.Deploy.0 = Release|x86
		{A3EF2540-5A6F-48E6-A8F6-5B453362DB25}.Release|x64.ActiveCfg = Release|x64
		{A3EF2540-5A6F-48E6-A8F6-5B453362DB25}.Release|x64.Build.0 = Release|x64
		{A3EF2540-5A6F-48E6-A8F6-5B453362DB25}.Release|x64.Deploy.0 = Release|x64
		{A3EF2540-5A6F-48E6-A8F6-5B453362DB25}.Release|x86.ActiveCfg = Release|x86
		{A3EF2540-5A6F-48E6-A8F6-5B453362DB25}.Release|x86.Build.0 = Release|x86
		{A3EF2540-5A6F-48E6-A8F6-5B453362DB25}.Release|x86.Deploy.0 = Release|x86
		{6484327E-96CB-47D0-81E9-35FA91AC1672}.Ad-Hoc|Any CPU.ActiveCfg = Debug|Any CPU
		{6484327E-96CB-47D0-81E9-35FA91AC1672}.Ad-Hoc|Any CPU.Build.0 = Debug|Any CPU
		{6484327E-96CB-47D0-81E9-35FA91AC1672}.Ad-Hoc|Any CPU.Deploy.0 = Debug|Any CPU
		{6484327E-96CB-47D0-81E9-35FA91AC1672}.Ad-Hoc|ARM.ActiveCfg = Debug|Any CPU
		{6484327E-96CB-47D0-81E9-35FA91AC1672}.Ad-Hoc|ARM.Build.0 = Debug|Any CPU
		{6484327E-96CB-47D0-81E9-35FA91AC1672}.Ad-Hoc|ARM.Deploy.0 = Debug|Any CPU
		{6484327E-96CB-47D0-81E9-35FA91AC1672}.Ad-Hoc|iPhone.ActiveCfg = Debug|Any CPU
		{6484327E-96CB-47D0-81E9-35FA91AC1672}.Ad-Hoc|iPhone.Build.0 = Debug|Any CPU
		{6484327E-96CB-47D0-81E9-35FA91AC1672}.Ad-Hoc|iPhone.Deploy.0 = Debug|Any CPU
		{6484327E-96CB-47D0-81E9-35FA91AC1672}.Ad-Hoc|iPhoneSimulator.ActiveCfg = Debug|Any CPU
		{6484327E-96CB-47D0-81E9-35FA91AC1672}.Ad-Hoc|iPhoneSimulator.Build.0 = Debug|Any CPU
		{6484327E-96CB-47D0-81E9-35FA91AC1672}.Ad-Hoc|iPhoneSimulator.Deploy.0 = Debug|Any CPU
		{6484327E-96CB-47D0-81E9-35FA91AC1672}.Ad-Hoc|x64.ActiveCfg = Debug|Any CPU
		{6484327E-96CB-47D0-81E9-35FA91AC1672}.Ad-Hoc|x64.Build.0 = Debug|Any CPU
		{6484327E-96CB-47D0-81E9-35FA91AC1672}.Ad-Hoc|x64.Deploy.0 = Debug|Any CPU
		{6484327E-96CB-47D0-81E9-35FA91AC1672}.Ad-Hoc|x86.ActiveCfg = Debug|Any CPU
		{6484327E-96CB-47D0-81E9-35FA91AC1672}.Ad-Hoc|x86.Build.0 = Debug|Any CPU
		{6484327E-96CB-47D0-81E9-35FA91AC1672}.Ad-Hoc|x86.Deploy.0 = Debug|Any CPU
		{6484327E-96CB-47D0-81E9-35FA91AC1672}.AppStore|Any CPU.ActiveCfg = Debug|Any CPU
		{6484327E-96CB-47D0-81E9-35FA91AC1672}.AppStore|Any CPU.Build.0 = Debug|Any CPU
		{6484327E-96CB-47D0-81E9-35FA91AC1672}.AppStore|Any CPU.Deploy.0 = Debug|Any CPU
		{6484327E-96CB-47D0-81E9-35FA91AC1672}.AppStore|ARM.ActiveCfg = Debug|Any CPU
		{6484327E-96CB-47D0-81E9-35FA91AC1672}.AppStore|ARM.Build.0 = Debug|Any CPU
		{6484327E-96CB-47D0-81E9-35FA91AC1672}.AppStore|ARM.Deploy.0 = Debug|Any CPU
		{6484327E-96CB-47D0-81E9-35FA91AC1672}.AppStore|iPhone.ActiveCfg = Debug|Any CPU
		{6484327E-96CB-47D0-81E9-35FA91AC1672}.AppStore|iPhone.Build.0 = Debug|Any CPU
		{6484327E-96CB-47D0-81E9-35FA91AC1672}.AppStore|iPhone.Deploy.0 = Debug|Any CPU
		{6484327E-96CB-47D0-81E9-35FA91AC1672}.AppStore|iPhoneSimulator.ActiveCfg = Debug|Any CPU
		{6484327E-96CB-47D0-81E9-35FA91AC1672}.AppStore|iPhoneSimulator.Build.0 = Debug|Any CPU
		{6484327E-96CB-47D0-81E9-35FA91AC1672}.AppStore|iPhoneSimulator.Deploy.0 = Debug|Any CPU
		{6484327E-96CB-47D0-81E9-35FA91AC1672}.AppStore|x64.ActiveCfg = Debug|Any CPU
		{6484327E-96CB-47D0-81E9-35FA91AC1672}.AppStore|x64.Build.0 = Debug|Any CPU
		{6484327E-96CB-47D0-81E9-35FA91AC1672}.AppStore|x64.Deploy.0 = Debug|Any CPU
		{6484327E-96CB-47D0-81E9-35FA91AC1672}.AppStore|x86.ActiveCfg = Debug|Any CPU
		{6484327E-96CB-47D0-81E9-35FA91AC1672}.AppStore|x86.Build.0 = Debug|Any CPU
		{6484327E-96CB-47D0-81E9-35FA91AC1672}.AppStore|x86.Deploy.0 = Debug|Any CPU
		{6484327E-96CB-47D0-81E9-35FA91AC1672}.Debug|Any CPU.ActiveCfg = Debug|Any CPU
		{6484327E-96CB-47D0-81E9-35FA91AC1672}.Debug|Any CPU.Build.0 = Debug|Any CPU
		{6484327E-96CB-47D0-81E9-35FA91AC1672}.Debug|Any CPU.Deploy.0 = Debug|Any CPU
		{6484327E-96CB-47D0-81E9-35FA91AC1672}.Debug|ARM.ActiveCfg = Debug|Any CPU
		{6484327E-96CB-47D0-81E9-35FA91AC1672}.Debug|ARM.Build.0 = Debug|Any CPU
		{6484327E-96CB-47D0-81E9-35FA91AC1672}.Debug|ARM.Deploy.0 = Debug|Any CPU
		{6484327E-96CB-47D0-81E9-35FA91AC1672}.Debug|iPhone.ActiveCfg = Debug|Any CPU
		{6484327E-96CB-47D0-81E9-35FA91AC1672}.Debug|iPhone.Build.0 = Debug|Any CPU
		{6484327E-96CB-47D0-81E9-35FA91AC1672}.Debug|iPhone.Deploy.0 = Debug|Any CPU
		{6484327E-96CB-47D0-81E9-35FA91AC1672}.Debug|iPhoneSimulator.ActiveCfg = Debug|Any CPU
		{6484327E-96CB-47D0-81E9-35FA91AC1672}.Debug|iPhoneSimulator.Build.0 = Debug|Any CPU
		{6484327E-96CB-47D0-81E9-35FA91AC1672}.Debug|iPhoneSimulator.Deploy.0 = Debug|Any CPU
		{6484327E-96CB-47D0-81E9-35FA91AC1672}.Debug|x64.ActiveCfg = Debug|Any CPU
		{6484327E-96CB-47D0-81E9-35FA91AC1672}.Debug|x64.Build.0 = Debug|Any CPU
		{6484327E-96CB-47D0-81E9-35FA91AC1672}.Debug|x64.Deploy.0 = Debug|Any CPU
		{6484327E-96CB-47D0-81E9-35FA91AC1672}.Debug|x86.ActiveCfg = Debug|Any CPU
		{6484327E-96CB-47D0-81E9-35FA91AC1672}.Debug|x86.Build.0 = Debug|Any CPU
		{6484327E-96CB-47D0-81E9-35FA91AC1672}.Debug|x86.Deploy.0 = Debug|Any CPU
		{6484327E-96CB-47D0-81E9-35FA91AC1672}.Release|Any CPU.ActiveCfg = Release|Any CPU
		{6484327E-96CB-47D0-81E9-35FA91AC1672}.Release|Any CPU.Build.0 = Release|Any CPU
		{6484327E-96CB-47D0-81E9-35FA91AC1672}.Release|Any CPU.Deploy.0 = Release|Any CPU
		{6484327E-96CB-47D0-81E9-35FA91AC1672}.Release|ARM.ActiveCfg = Release|Any CPU
		{6484327E-96CB-47D0-81E9-35FA91AC1672}.Release|ARM.Build.0 = Release|Any CPU
		{6484327E-96CB-47D0-81E9-35FA91AC1672}.Release|ARM.Deploy.0 = Release|Any CPU
		{6484327E-96CB-47D0-81E9-35FA91AC1672}.Release|iPhone.ActiveCfg = Release|Any CPU
		{6484327E-96CB-47D0-81E9-35FA91AC1672}.Release|iPhone.Build.0 = Release|Any CPU
		{6484327E-96CB-47D0-81E9-35FA91AC1672}.Release|iPhone.Deploy.0 = Release|Any CPU
		{6484327E-96CB-47D0-81E9-35FA91AC1672}.Release|iPhoneSimulator.ActiveCfg = Release|Any CPU
		{6484327E-96CB-47D0-81E9-35FA91AC1672}.Release|iPhoneSimulator.Build.0 = Release|Any CPU
		{6484327E-96CB-47D0-81E9-35FA91AC1672}.Release|iPhoneSimulator.Deploy.0 = Release|Any CPU
		{6484327E-96CB-47D0-81E9-35FA91AC1672}.Release|x64.ActiveCfg = Release|Any CPU
		{6484327E-96CB-47D0-81E9-35FA91AC1672}.Release|x64.Build.0 = Release|Any CPU
		{6484327E-96CB-47D0-81E9-35FA91AC1672}.Release|x64.Deploy.0 = Release|Any CPU
		{6484327E-96CB-47D0-81E9-35FA91AC1672}.Release|x86.ActiveCfg = Release|Any CPU
		{6484327E-96CB-47D0-81E9-35FA91AC1672}.Release|x86.Build.0 = Release|Any CPU
		{6484327E-96CB-47D0-81E9-35FA91AC1672}.Release|x86.Deploy.0 = Release|Any CPU
	EndGlobalSection
	GlobalSection(SolutionProperties) = preSolution
		HideSolutionNode = FALSE
	EndGlobalSection
	GlobalSection(ExtensibilityGlobals) = postSolution
		SolutionGuid = {989D50ED-AD36-45E1-8D42-37109B2D5D05}
	EndGlobalSection
EndGlobal
